
Microsoft Visual Studio Solution File, Format Version 12.00
# Visual Studio 15
VisualStudioVersion = 15.0.26124.0
MinimumVisualStudioVersion = 15.0.26124.0
Project("{2150E333-8FDC-42A3-9474-1A3956D46DE8}") = "src", "src", "{CEA0B0E4-C2FA-4E49-AFE9-A9A3475D209B}"
EndProject
Project("{FAE04EC0-301F-11D3-BF4B-00C04F79EFBC}") = "CommandAPI", "src\CommandAPI\CommandAPI.csproj", "{2FC82747-B1E6-43CA-9D3D-8C7ED212797E}"
EndProject
Project("{2150E333-8FDC-42A3-9474-1A3956D46DE8}") = "test", "test", "{ABA76AC3-E034-4238-84CE-C7E6F5D844FB}"
EndProject
Project("{FAE04EC0-301F-11D3-BF4B-00C04F79EFBC}") = "CommandAPI.Tests", "test\CommandAPI.Tests\CommandAPI.Tests.csproj", "{0A9EC2DC-06A3-4B6B-9C81-1965EBF5267C}"
EndProject
Global
	GlobalSection(SolutionConfigurationPlatforms) = preSolution
		Debug|Any CPU = Debug|Any CPU
		Debug|x64 = Debug|x64
		Debug|x86 = Debug|x86
		Release|Any CPU = Release|Any CPU
		Release|x64 = Release|x64
		Release|x86 = Release|x86
	EndGlobalSection
	GlobalSection(SolutionProperties) = preSolution
		HideSolutionNode = FALSE
	EndGlobalSection
	GlobalSection(ProjectConfigurationPlatforms) = postSolution
		{2FC82747-B1E6-43CA-9D3D-8C7ED212797E}.Debug|Any CPU.ActiveCfg = Debug|Any CPU
		{2FC82747-B1E6-43CA-9D3D-8C7ED212797E}.Debug|Any CPU.Build.0 = Debug|Any CPU
		{2FC82747-B1E6-43CA-9D3D-8C7ED212797E}.Debug|x64.ActiveCfg = Debug|Any CPU
		{2FC82747-B1E6-43CA-9D3D-8C7ED212797E}.Debug|x64.Build.0 = Debug|Any CPU
		{2FC82747-B1E6-43CA-9D3D-8C7ED212797E}.Debug|x86.ActiveCfg = Debug|Any CPU
		{2FC82747-B1E6-43CA-9D3D-8C7ED212797E}.Debug|x86.Build.0 = Debug|Any CPU
		{2FC82747-B1E6-43CA-9D3D-8C7ED212797E}.Release|Any CPU.ActiveCfg = Release|Any CPU
		{2FC82747-B1E6-43CA-9D3D-8C7ED212797E}.Release|Any CPU.Build.0 = Release|Any CPU
		{2FC82747-B1E6-43CA-9D3D-8C7ED212797E}.Release|x64.ActiveCfg = Release|Any CPU
		{2FC82747-B1E6-43CA-9D3D-8C7ED212797E}.Release|x64.Build.0 = Release|Any CPU
		{2FC82747-B1E6-43CA-9D3D-8C7ED212797E}.Release|x86.ActiveCfg = Release|Any CPU
		{2FC82747-B1E6-43CA-9D3D-8C7ED212797E}.Release|x86.Build.0 = Release|Any CPU
		{0A9EC2DC-06A3-4B6B-9C81-1965EBF5267C}.Debug|Any CPU.ActiveCfg = Debug|Any CPU
		{0A9EC2DC-06A3-4B6B-9C81-1965EBF5267C}.Debug|Any CPU.Build.0 = Debug|Any CPU
		{0A9EC2DC-06A3-4B6B-9C81-1965EBF5267C}.Debug|x64.ActiveCfg = Debug|Any CPU
		{0A9EC2DC-06A3-4B6B-9C81-1965EBF5267C}.Debug|x64.Build.0 = Debug|Any CPU
		{0A9EC2DC-06A3-4B6B-9C81-1965EBF5267C}.Debug|x86.ActiveCfg = Debug|Any CPU
		{0A9EC2DC-06A3-4B6B-9C81-1965EBF5267C}.Debug|x86.Build.0 = Debug|Any CPU
		{0A9EC2DC-06A3-4B6B-9C81-1965EBF5267C}.Release|Any CPU.ActiveCfg = Release|Any CPU
		{0A9EC2DC-06A3-4B6B-9C81-1965EBF5267C}.Release|Any CPU.Build.0 = Release|Any CPU
		{0A9EC2DC-06A3-4B6B-9C81-1965EBF5267C}.Release|x64.ActiveCfg = Release|Any CPU
		{0A9EC2DC-06A3-4B6B-9C81-1965EBF5267C}.Release|x64.Build.0 = Release|Any CPU
		{0A9EC2DC-06A3-4B6B-9C81-1965EBF5267C}.Release|x86.ActiveCfg = Release|Any CPU
		{0A9EC2DC-06A3-4B6B-9C81-1965EBF5267C}.Release|x86.Build.0 = Release|Any CPU
	EndGlobalSection
	GlobalSection(NestedProjects) = preSolution
		{2FC82747-B1E6-43CA-9D3D-8C7ED212797E} = {CEA0B0E4-C2FA-4E49-AFE9-A9A3475D209B}
		{0A9EC2DC-06A3-4B6B-9C81-1965EBF5267C} = {ABA76AC3-E034-4238-84CE-C7E6F5D844FB}
	EndGlobalSection
EndGlobal
